
Microsoft Visual Studio Solution File, Format Version 12.00
# Visual Studio Version 17
VisualStudioVersion = 17.4.33205.214
MinimumVisualStudioVersion = 10.0.40219.1
Project("{2150E333-8FDC-42A3-9474-1A3956D46DE8}") = "01 - Testes de Unidade", "01 - Testes de Unidade", "{425E1CD4-9969-49B3-8C1A-97552FF77941}"
EndProject
Project("{2150E333-8FDC-42A3-9474-1A3956D46DE8}") = "1.1 - Testes Básicos", "1.1 - Testes Básicos", "{D32F33A9-F68C-40B5-B69C-EB1A0B994EE3}"
EndProject
Project("{9A19103F-16F7-4668-BE54-9A1E7A4F7556}") = "Demo", "01 - Testes de Unidade\Demo\Demo.csproj", "{F7AF7CCD-03CC-4629-8B60-2DFFDA275EA0}"
EndProject
Project("{9A19103F-16F7-4668-BE54-9A1E7A4F7556}") = "Demo.Tests", "01 - Testes de Unidade\Demo.Tests\Demo.Tests.csproj", "{1A7C2B3B-0F55-4424-A6A6-ED77E6D0D29A}"
EndProject
Project("{2150E333-8FDC-42A3-9474-1A3956D46DE8}") = "2.2 - Features", "2.2 - Features", "{8D7DED1B-3BE8-451C-8824-FCEE8839CD7E}"
EndProject
Project("{9A19103F-16F7-4668-BE54-9A1E7A4F7556}") = "Features", "01 - Testes de Unidade\Features\Features.csproj", "{B78161C4-AF04-4674-9329-E8287813E667}"
EndProject
Project("{9A19103F-16F7-4668-BE54-9A1E7A4F7556}") = "Features.Tests", "01 - Testes de Unidade\Features.Tests\Features.Tests.csproj", "{BD5E73A2-408A-4F13-AA1F-84C4DBB28F65}"
EndProject
Project("{2150E333-8FDC-42A3-9474-1A3956D46DE8}") = "02 - TDD", "02 - TDD", "{A92FC89B-4A41-4AE3-A8D8-1326F48C7DE3}"
EndProject
Project("{FAE04EC0-301F-11D3-BF4B-00C04F79EFBC}") = "NerdStore.Vendas.Application.Tests", "02 - TDD\NerdStore.Vendas.Application.Tests\NerdStore.Vendas.Application.Tests.csproj", "{80F4CB31-4DAA-497F-B440-5080F7E875CE}"
EndProject
Project("{9A19103F-16F7-4668-BE54-9A1E7A4F7556}") = "NerdStore.Vendas.Domain.Tests", "02 - TDD\NerdStore.Vendas.Domain.Tests\NerdStore.Vendas.Domain.Tests.csproj", "{A47316EA-7AF0-4D4D-9C8A-4D9ED9F1B6C9}"
EndProject
Project("{2150E333-8FDC-42A3-9474-1A3956D46DE8}") = "Tests", "Tests", "{6AEF0694-C79D-4061-A5E5-91082756A5EE}"
EndProject
Project("{9A19103F-16F7-4668-BE54-9A1E7A4F7556}") = "NerdStore.Vendas.Domain", "02 - TDD\src\NerdStore.Vendas.Domain\NerdStore.Vendas.Domain.csproj", "{8B4EEC8A-BB01-41D1-B1EC-D060D8D87D97}"
EndProject
Project("{9A19103F-16F7-4668-BE54-9A1E7A4F7556}") = "NerdStore.Core", "02 - TDD\src\NerdStore.Core\NerdStore.Core.csproj", "{CA83642C-6B8F-49D3-9429-681A6F3D8A17}"
EndProject
Project("{FAE04EC0-301F-11D3-BF4B-00C04F79EFBC}") = "NerdStore.Vendas.Application", "02 - TDD\src\NerdStore.Vendas.Application\NerdStore.Vendas.Application.csproj", "{184891A6-18F9-44CF-A7AF-3C22AE7D2DB7}"
EndProject
Global
	GlobalSection(SolutionConfigurationPlatforms) = preSolution
		Debug|Any CPU = Debug|Any CPU
		Release|Any CPU = Release|Any CPU
	EndGlobalSection
	GlobalSection(ProjectConfigurationPlatforms) = postSolution
		{F7AF7CCD-03CC-4629-8B60-2DFFDA275EA0}.Debug|Any CPU.ActiveCfg = Debug|Any CPU
		{F7AF7CCD-03CC-4629-8B60-2DFFDA275EA0}.Debug|Any CPU.Build.0 = Debug|Any CPU
		{F7AF7CCD-03CC-4629-8B60-2DFFDA275EA0}.Release|Any CPU.ActiveCfg = Release|Any CPU
		{F7AF7CCD-03CC-4629-8B60-2DFFDA275EA0}.Release|Any CPU.Build.0 = Release|Any CPU
		{1A7C2B3B-0F55-4424-A6A6-ED77E6D0D29A}.Debug|Any CPU.ActiveCfg = Debug|Any CPU
		{1A7C2B3B-0F55-4424-A6A6-ED77E6D0D29A}.Debug|Any CPU.Build.0 = Debug|Any CPU
		{1A7C2B3B-0F55-4424-A6A6-ED77E6D0D29A}.Release|Any CPU.ActiveCfg = Release|Any CPU
		{1A7C2B3B-0F55-4424-A6A6-ED77E6D0D29A}.Release|Any CPU.Build.0 = Release|Any CPU
		{B78161C4-AF04-4674-9329-E8287813E667}.Debug|Any CPU.ActiveCfg = Debug|Any CPU
		{B78161C4-AF04-4674-9329-E8287813E667}.Debug|Any CPU.Build.0 = Debug|Any CPU
		{B78161C4-AF04-4674-9329-E8287813E667}.Release|Any CPU.ActiveCfg = Release|Any CPU
		{B78161C4-AF04-4674-9329-E8287813E667}.Release|Any CPU.Build.0 = Release|Any CPU
		{BD5E73A2-408A-4F13-AA1F-84C4DBB28F65}.Debug|Any CPU.ActiveCfg = Debug|Any CPU
		{BD5E73A2-408A-4F13-AA1F-84C4DBB28F65}.Debug|Any CPU.Build.0 = Debug|Any CPU
		{BD5E73A2-408A-4F13-AA1F-84C4DBB28F65}.Release|Any CPU.ActiveCfg = Release|Any CPU
		{BD5E73A2-408A-4F13-AA1F-84C4DBB28F65}.Release|Any CPU.Build.0 = Release|Any CPU
		{80F4CB31-4DAA-497F-B440-5080F7E875CE}.Debug|Any CPU.ActiveCfg = Debug|Any CPU
		{80F4CB31-4DAA-497F-B440-5080F7E875CE}.Debug|Any CPU.Build.0 = Debug|Any CPU
		{80F4CB31-4DAA-497F-B440-5080F7E875CE}.Release|Any CPU.ActiveCfg = Release|Any CPU
		{80F4CB31-4DAA-497F-B440-5080F7E875CE}.Release|Any CPU.Build.0 = Release|Any CPU
		{A47316EA-7AF0-4D4D-9C8A-4D9ED9F1B6C9}.Debug|Any CPU.ActiveCfg = Debug|Any CPU
		{A47316EA-7AF0-4D4D-9C8A-4D9ED9F1B6C9}.Debug|Any CPU.Build.0 = Debug|Any CPU
		{A47316EA-7AF0-4D4D-9C8A-4D9ED9F1B6C9}.Release|Any CPU.ActiveCfg = Release|Any CPU
		{A47316EA-7AF0-4D4D-9C8A-4D9ED9F1B6C9}.Release|Any CPU.Build.0 = Release|Any CPU
		{8B4EEC8A-BB01-41D1-B1EC-D060D8D87D97}.Debug|Any CPU.ActiveCfg = Debug|Any CPU
		{8B4EEC8A-BB01-41D1-B1EC-D060D8D87D97}.Debug|Any CPU.Build.0 = Debug|Any CPU
		{8B4EEC8A-BB01-41D1-B1EC-D060D8D87D97}.Release|Any CPU.ActiveCfg = Release|Any CPU
		{8B4EEC8A-BB01-41D1-B1EC-D060D8D87D97}.Release|Any CPU.Build.0 = Release|Any CPU
		{CA83642C-6B8F-49D3-9429-681A6F3D8A17}.Debug|Any CPU.ActiveCfg = Debug|Any CPU
		{CA83642C-6B8F-49D3-9429-681A6F3D8A17}.Debug|Any CPU.Build.0 = Debug|Any CPU
		{CA83642C-6B8F-49D3-9429-681A6F3D8A17}.Release|Any CPU.ActiveCfg = Release|Any CPU
		{CA83642C-6B8F-49D3-9429-681A6F3D8A17}.Release|Any CPU.Build.0 = Release|Any CPU
		{184891A6-18F9-44CF-A7AF-3C22AE7D2DB7}.Debug|Any CPU.ActiveCfg = Debug|Any CPU
		{184891A6-18F9-44CF-A7AF-3C22AE7D2DB7}.Debug|Any CPU.Build.0 = Debug|Any CPU
		{184891A6-18F9-44CF-A7AF-3C22AE7D2DB7}.Release|Any CPU.ActiveCfg = Release|Any CPU
		{184891A6-18F9-44CF-A7AF-3C22AE7D2DB7}.Release|Any CPU.Build.0 = Release|Any CPU
	EndGlobalSection
	GlobalSection(SolutionProperties) = preSolution
		HideSolutionNode = FALSE
	EndGlobalSection
	GlobalSection(NestedProjects) = preSolution
		{D32F33A9-F68C-40B5-B69C-EB1A0B994EE3} = {425E1CD4-9969-49B3-8C1A-97552FF77941}
		{F7AF7CCD-03CC-4629-8B60-2DFFDA275EA0} = {D32F33A9-F68C-40B5-B69C-EB1A0B994EE3}
		{1A7C2B3B-0F55-4424-A6A6-ED77E6D0D29A} = {D32F33A9-F68C-40B5-B69C-EB1A0B994EE3}
		{8D7DED1B-3BE8-451C-8824-FCEE8839CD7E} = {425E1CD4-9969-49B3-8C1A-97552FF77941}
		{B78161C4-AF04-4674-9329-E8287813E667} = {8D7DED1B-3BE8-451C-8824-FCEE8839CD7E}
		{BD5E73A2-408A-4F13-AA1F-84C4DBB28F65} = {8D7DED1B-3BE8-451C-8824-FCEE8839CD7E}
		{80F4CB31-4DAA-497F-B440-5080F7E875CE} = {6AEF0694-C79D-4061-A5E5-91082756A5EE}
		{A47316EA-7AF0-4D4D-9C8A-4D9ED9F1B6C9} = {6AEF0694-C79D-4061-A5E5-91082756A5EE}
		{6AEF0694-C79D-4061-A5E5-91082756A5EE} = {A92FC89B-4A41-4AE3-A8D8-1326F48C7DE3}
		{8B4EEC8A-BB01-41D1-B1EC-D060D8D87D97} = {A92FC89B-4A41-4AE3-A8D8-1326F48C7DE3}
		{CA83642C-6B8F-49D3-9429-681A6F3D8A17} = {A92FC89B-4A41-4AE3-A8D8-1326F48C7DE3}
		{184891A6-18F9-44CF-A7AF-3C22AE7D2DB7} = {A92FC89B-4A41-4AE3-A8D8-1326F48C7DE3}
	EndGlobalSection
	GlobalSection(ExtensibilityGlobals) = postSolution
		SolutionGuid = {86C43262-C83D-449E-AC2E-A2954CC2588B}
	EndGlobalSection
EndGlobal
